
Microsoft Visual Studio Solution File, Format Version 12.00
# Visual Studio Version 17
VisualStudioVersion = 17.5.002.0
MinimumVisualStudioVersion = 10.0.40219.1
Project("{9A19103F-16F7-4668-BE54-9A1E7A4F7556}") = "Chess GUi", "Chess GUi.csproj", "{A5773453-A4B4-4A8E-A860-9DD68343D97C}"
EndProject
Global
	GlobalSection(SolutionConfigurationPlatforms) = preSolution
		Debug|Any CPU = Debug|Any CPU
		Release|Any CPU = Release|Any CPU
	EndGlobalSection
	GlobalSection(ProjectConfigurationPlatforms) = postSolution
		{A5773453-A4B4-4A8E-A860-9DD68343D97C}.Debug|Any CPU.ActiveCfg = Debug|Any CPU
		{A5773453-A4B4-4A8E-A860-9DD68343D97C}.Debug|Any CPU.Build.0 = Debug|Any CPU
		{A5773453-A4B4-4A8E-A860-9DD68343D97C}.Release|Any CPU.ActiveCfg = Release|Any CPU
		{A5773453-A4B4-4A8E-A860-9DD68343D97C}.Release|Any CPU.Build.0 = Release|Any CPU
	EndGlobalSection
	GlobalSection(SolutionProperties) = preSolution
		HideSolutionNode = FALSE
	EndGlobalSection
	GlobalSection(ExtensibilityGlobals) = postSolution
		SolutionGuid = {E9A99092-05F9-4CE6-8724-F8F0239D279A}
	EndGlobalSection
EndGlobal
